
Microsoft Visual Studio Solution File, Format Version 12.00
# Visual Studio Version 17
VisualStudioVersion = 17.8.34511.84
MinimumVisualStudioVersion = 10.0.40219.1
Project("{FAE04EC0-301F-11D3-BF4B-00C04F79EFBC}") = "BlazorApp1", "BlazorApp1\BlazorApp1.csproj", "{EBDD45E1-B3CF-4B43-B283-05512D0B37EF}"
EndProject
Global
	GlobalSection(SolutionConfigurationPlatforms) = preSolution
		Debug|Any CPU = Debug|Any CPU
		Release|Any CPU = Release|Any CPU
	EndGlobalSection
	GlobalSection(ProjectConfigurationPlatforms) = postSolution
		{EBDD45E1-B3CF-4B43-B283-05512D0B37EF}.Debug|Any CPU.ActiveCfg = Debug|Any CPU
		{EBDD45E1-B3CF-4B43-B283-05512D0B37EF}.Debug|Any CPU.Build.0 = Debug|Any CPU
		{EBDD45E1-B3CF-4B43-B283-05512D0B37EF}.Release|Any CPU.ActiveCfg = Release|Any CPU
		{EBDD45E1-B3CF-4B43-B283-05512D0B37EF}.Release|Any CPU.Build.0 = Release|Any CPU
	EndGlobalSection
	GlobalSection(SolutionProperties) = preSolution
		HideSolutionNode = FALSE
	EndGlobalSection
	GlobalSection(ExtensibilityGlobals) = postSolution
		SolutionGuid = {25CBA593-3AEE-4E40-AC9E-D9A17E2EB374}
	EndGlobalSection
EndGlobal
